# This file is automatically @generated by Wally.
# It is not intended for manual editing.
registry = "test"

[[package]]
name = "1foreverhd/topbarplus"
version = "3.4.0"
dependencies = []

[[package]]
name = "evaera/cmdr"
version = "1.12.0"
dependencies = []

[[package]]
name = "evaera/promise"
version = "4.0.0"
dependencies = []

[[package]]
name = "lm-loleris/profilestore"
version = "1.0.3"
dependencies = []

[[package]]
name = "luminalabs-games/shard"
version = "0.1.0"
dependencies = [["Cmdr", "evaera/cmdr@1.12.0"], ["Dispatcher", "luminalabsgames/dispatcher@1.0.2"], ["Observers", "sleitnick/observers@0.4.0"], ["Promise", "evaera/promise@4.0.0"], ["ReplicaClient", "luminalabsgames/replicaclient@1.0.0"], ["ReplicaServer", "luminalabsgames/replicaserver@1.0.3"], ["ReplicaShared", "luminalabsgames/replicashared@1.0.0"], ["Shard", "luminalabsgames/shard@1.0.2"], ["Signal", "sleitnick/signal@2.0.3"], ["SimpleNet", "luminalabsgames/simplenet@1.0.1"], ["TopbarPlus", "1foreverhd/topbarplus@3.4.0"], ["Trove", "sleitnick/trove@1.8.0"], ["Value", "luminalabsgames/value@1.0.2"], ["ZonePlus", "mattschrubb/zoneplus@3.2.0"], ["ProfileStore", "lm-loleris/profilestore@1.0.3"]]

[[package]]
name = "luminalabsgames/dispatcher"
version = "1.0.2"
dependencies = []

[[package]]
name = "luminalabsgames/replicaclient"
version = "1.0.0"
dependencies = [["ReplicaShared", "luminalabsgames/replicashared@1.0.0"]]

[[package]]
name = "luminalabsgames/replicaserver"
version = "1.0.3"
dependencies = [["ReplicaShared", "luminalabsgames/replicashared@1.0.0"]]

[[package]]
name = "luminalabsgames/replicashared"
version = "1.0.0"
dependencies = []

[[package]]
name = "luminalabsgames/shard"
version = "1.0.2"
dependencies = []

[[package]]
name = "luminalabsgames/simplenet"
version = "1.0.1"
dependencies = []

[[package]]
name = "luminalabsgames/value"
version = "1.0.2"
dependencies = [["Signal", "sleitnick/signal@2.0.3"]]

[[package]]
name = "mattschrubb/zoneplus"
version = "3.2.0"
dependencies = []

[[package]]
name = "sleitnick/observers"
version = "0.4.0"
dependencies = []

[[package]]
name = "sleitnick/signal"
version = "2.0.3"
dependencies = []

[[package]]
name = "sleitnick/trove"
version = "1.8.0"
dependencies = []
